
Microsoft Visual Studio Solution File, Format Version 12.00
# Visual Studio Version 16
VisualStudioVersion = 16.0.31911.196
MinimumVisualStudioVersion = 10.0.40219.1
Project("{FAE04EC0-301F-11D3-BF4B-00C04F79EFBC}") = "December1st", "December1st\December1st.csproj", "{D43AD1FE-5C6B-410C-AFB8-84B3C045D81B}"
EndProject
Global
	GlobalSection(SolutionConfigurationPlatforms) = preSolution
		Debug|Any CPU = Debug|Any CPU
		Release|Any CPU = Release|Any CPU
	EndGlobalSection
	GlobalSection(ProjectConfigurationPlatforms) = postSolution
		{D43AD1FE-5C6B-410C-AFB8-84B3C045D81B}.Debug|Any CPU.ActiveCfg = Debug|Any CPU
		{D43AD1FE-5C6B-410C-AFB8-84B3C045D81B}.Debug|Any CPU.Build.0 = Debug|Any CPU
		{D43AD1FE-5C6B-410C-AFB8-84B3C045D81B}.Release|Any CPU.ActiveCfg = Release|Any CPU
		{D43AD1FE-5C6B-410C-AFB8-84B3C045D81B}.Release|Any CPU.Build.0 = Release|Any CPU
	EndGlobalSection
	GlobalSection(SolutionProperties) = preSolution
		HideSolutionNode = FALSE
	EndGlobalSection
	GlobalSection(ExtensibilityGlobals) = postSolution
		SolutionGuid = {CDAE707B-199B-49EA-B802-45EB9BA1D858}
	EndGlobalSection
EndGlobal
